
Microsoft Visual Studio Solution File, Format Version 12.00
# Visual Studio Version 17
VisualStudioVersion = 17.0.31903.59
MinimumVisualStudioVersion = 10.0.40219.1
Project("{FAE04EC0-301F-11D3-BF4B-00C04F79EFBC}") = "API", "API\API.csproj", "{CE8C265E-7CEB-413B-BA27-902ADA375E4A}"
EndProject
Project("{FAE04EC0-301F-11D3-BF4B-00C04F79EFBC}") = "Core", "Core\Core.csproj", "{3F189237-A2EF-4B02-BFFB-497700748E58}"
EndProject
Project("{FAE04EC0-301F-11D3-BF4B-00C04F79EFBC}") = "Infrastructure", "Infrastructure\Infrastructure.csproj", "{55F58043-97A0-463E-B76A-9CB0BA698189}"
EndProject
Global
	GlobalSection(SolutionConfigurationPlatforms) = preSolution
		Debug|Any CPU = Debug|Any CPU
		Release|Any CPU = Release|Any CPU
	EndGlobalSection
	GlobalSection(SolutionProperties) = preSolution
		HideSolutionNode = FALSE
	EndGlobalSection
	GlobalSection(ProjectConfigurationPlatforms) = postSolution
		{CE8C265E-7CEB-413B-BA27-902ADA375E4A}.Debug|Any CPU.ActiveCfg = Debug|Any CPU
		{CE8C265E-7CEB-413B-BA27-902ADA375E4A}.Debug|Any CPU.Build.0 = Debug|Any CPU
		{CE8C265E-7CEB-413B-BA27-902ADA375E4A}.Release|Any CPU.ActiveCfg = Release|Any CPU
		{CE8C265E-7CEB-413B-BA27-902ADA375E4A}.Release|Any CPU.Build.0 = Release|Any CPU
		{3F189237-A2EF-4B02-BFFB-497700748E58}.Debug|Any CPU.ActiveCfg = Debug|Any CPU
		{3F189237-A2EF-4B02-BFFB-497700748E58}.Debug|Any CPU.Build.0 = Debug|Any CPU
		{3F189237-A2EF-4B02-BFFB-497700748E58}.Release|Any CPU.ActiveCfg = Release|Any CPU
		{3F189237-A2EF-4B02-BFFB-497700748E58}.Release|Any CPU.Build.0 = Release|Any CPU
		{55F58043-97A0-463E-B76A-9CB0BA698189}.Debug|Any CPU.ActiveCfg = Debug|Any CPU
		{55F58043-97A0-463E-B76A-9CB0BA698189}.Debug|Any CPU.Build.0 = Debug|Any CPU
		{55F58043-97A0-463E-B76A-9CB0BA698189}.Release|Any CPU.ActiveCfg = Release|Any CPU
		{55F58043-97A0-463E-B76A-9CB0BA698189}.Release|Any CPU.Build.0 = Release|Any CPU
	EndGlobalSection
EndGlobal
